
Microsoft Visual Studio Solution File, Format Version 12.00
# Visual Studio Version 16
VisualStudioVersion = 16.0.29709.97
MinimumVisualStudioVersion = 10.0.40219.1
Project("{FAE04EC0-301F-11D3-BF4B-00C04F79EFBC}") = "NurseSchedTest", "NurseSchedTest\NurseSchedTest.csproj", "{743456DF-496C-4BCF-AD31-69AF0AE00543}"
EndProject
Global
	GlobalSection(SolutionConfigurationPlatforms) = preSolution
		Debug|Any CPU = Debug|Any CPU
		Release|Any CPU = Release|Any CPU
	EndGlobalSection
	GlobalSection(ProjectConfigurationPlatforms) = postSolution
		{743456DF-496C-4BCF-AD31-69AF0AE00543}.Debug|Any CPU.ActiveCfg = Debug|Any CPU
		{743456DF-496C-4BCF-AD31-69AF0AE00543}.Debug|Any CPU.Build.0 = Debug|Any CPU
		{743456DF-496C-4BCF-AD31-69AF0AE00543}.Release|Any CPU.ActiveCfg = Release|Any CPU
		{743456DF-496C-4BCF-AD31-69AF0AE00543}.Release|Any CPU.Build.0 = Release|Any CPU
	EndGlobalSection
	GlobalSection(SolutionProperties) = preSolution
		HideSolutionNode = FALSE
	EndGlobalSection
	GlobalSection(ExtensibilityGlobals) = postSolution
		SolutionGuid = {73AE3532-BB80-4879-BBE5-393B0A25C8CB}
	EndGlobalSection
EndGlobal
